{
  "originHash" : "3070b8fac9c73247cbef0a5cf9e2152e192c5788c4a081a0d3e6cc9237872176",
  "pins" : [
    {
      "identity" : "kingfisher",
      "kind" : "remoteSourceControl",
      "location" : "https://github.com/onevcat/Kingfisher.git",
      "state" : {
        "revision" : "ac632bd26a1c00f139ff62fd01806f21cf67325e",
        "version" : "8.10.0"
      }
    }
  ],
  "version" : 3
}
